
Microsoft Visual Studio Solution File, Format Version 12.00
# Visual Studio 15
VisualStudioVersion = 15.0.27428.2005
MinimumVisualStudioVersion = 10.0.40219.1
Project("{FAE04EC0-301F-11D3-BF4B-00C04F79EFBC}") = "LoginApplication", "LoginApplication\LoginApplication.csproj", "{C55EF0D7-4D54-4B31-A9FF-43F97236665F}"
EndProject
Project("{FAE04EC0-301F-11D3-BF4B-00C04F79EFBC}") = "CustomerApplication", "CustomerApplication\CustomerApplication.csproj", "{B54CA9E5-EF8A-43DC-88F3-B2D17F3CC0EE}"
EndProject
Global
	GlobalSection(SolutionConfigurationPlatforms) = preSolution
		Debug|Any CPU = Debug|Any CPU
		Release|Any CPU = Release|Any CPU
	EndGlobalSection
	GlobalSection(ProjectConfigurationPlatforms) = postSolution
		{C55EF0D7-4D54-4B31-A9FF-43F97236665F}.Debug|Any CPU.ActiveCfg = Debug|Any CPU
		{C55EF0D7-4D54-4B31-A9FF-43F97236665F}.Debug|Any CPU.Build.0 = Debug|Any CPU
		{C55EF0D7-4D54-4B31-A9FF-43F97236665F}.Release|Any CPU.ActiveCfg = Release|Any CPU
		{C55EF0D7-4D54-4B31-A9FF-43F97236665F}.Release|Any CPU.Build.0 = Release|Any CPU
		{B54CA9E5-EF8A-43DC-88F3-B2D17F3CC0EE}.Debug|Any CPU.ActiveCfg = Debug|Any CPU
		{B54CA9E5-EF8A-43DC-88F3-B2D17F3CC0EE}.Debug|Any CPU.Build.0 = Debug|Any CPU
		{B54CA9E5-EF8A-43DC-88F3-B2D17F3CC0EE}.Release|Any CPU.ActiveCfg = Release|Any CPU
		{B54CA9E5-EF8A-43DC-88F3-B2D17F3CC0EE}.Release|Any CPU.Build.0 = Release|Any CPU
	EndGlobalSection
	GlobalSection(SolutionProperties) = preSolution
		HideSolutionNode = FALSE
	EndGlobalSection
	GlobalSection(ExtensibilityGlobals) = postSolution
		SolutionGuid = {51BE7F47-94AF-4711-9FC0-8258FE765D86}
	EndGlobalSection
EndGlobal
